// !$*UTF8*$!
{
	archiveVersion = 1;
	classes = {
	};
	objectVersion = 50;
	objects = {

/* Begin PBXBuildFile section */
		5B2D3A90261B577F001E9E45 /* AppDelegate.swift in Sources */ = {isa = PBXBuildFile; fileRef = 5B2D3A8F261B577F001E9E45 /* AppDelegate.swift */; };
		5B2D3A92261B577F001E9E45 /* SceneDelegate.swift in Sources */ = {isa = PBXBuildFile; fileRef = 5B2D3A91261B577F001E9E45 /* SceneDelegate.swift */; };
		5B2D3A94261B577F001E9E45 /* ViewController.swift in Sources */ = {isa = PBXBuildFile; fileRef = 5B2D3A93261B577F001E9E45 /* ViewController.swift */; };
		5B2D3A97261B577F001E9E45 /* Main.storyboard in Resources */ = {isa = PBXBuildFile; fileRef = 5B2D3A95261B577F001E9E45 /* Main.storyboard */; };
		5B2D3A9A261B577F001E9E45 /* WalE.xcdatamodeld in Sources */ = {isa = PBXBuildFile; fileRef = 5B2D3A98261B577F001E9E45 /* WalE.xcdatamodeld */; };
		5B2D3A9C261B5780001E9E45 /* Assets.xcassets in Resources */ = {isa = PBXBuildFile; fileRef = 5B2D3A9B261B5780001E9E45 /* Assets.xcassets */; };
		5B2D3A9F261B5780001E9E45 /* LaunchScreen.storyboard in Resources */ = {isa = PBXBuildFile; fileRef = 5B2D3A9D261B5780001E9E45 /* LaunchScreen.storyboard */; };
		5B2D3AAA261B5780001E9E45 /* WalETests.swift in Sources */ = {isa = PBXBuildFile; fileRef = 5B2D3AA9261B5780001E9E45 /* WalETests.swift */; };
		5B2D3AB5261B5780001E9E45 /* WalEUITests.swift in Sources */ = {isa = PBXBuildFile; fileRef = 5B2D3AB4261B5780001E9E45 /* WalEUITests.swift */; };
		5B2D3AD6261C48B6001E9E45 /* AstronomyTableViewController.swift in Sources */ = {isa = PBXBuildFile; fileRef = 5B2D3AD4261C48B6001E9E45 /* AstronomyTableViewController.swift */; };
		5B2D3ADD261C494F001E9E45 /* TitleImageTableViewCell.swift in Sources */ = {isa = PBXBuildFile; fileRef = 5B2D3ADB261C494F001E9E45 /* TitleImageTableViewCell.swift */; };
		5B2D3ADE261C494F001E9E45 /* TitleImageTableViewCell.xib in Resources */ = {isa = PBXBuildFile; fileRef = 5B2D3ADC261C494F001E9E45 /* TitleImageTableViewCell.xib */; };
		5B2D3AE4261C498C001E9E45 /* DetailedTextTableViewCell.swift in Sources */ = {isa = PBXBuildFile; fileRef = 5B2D3AE2261C498C001E9E45 /* DetailedTextTableViewCell.swift */; };
		5B2D3AE5261C498C001E9E45 /* DetailedTextTableViewCell.xib in Resources */ = {isa = PBXBuildFile; fileRef = 5B2D3AE3261C498C001E9E45 /* DetailedTextTableViewCell.xib */; };
		5B2D3AF4261C4DCD001E9E45 /* AstronomyRouter.swift in Sources */ = {isa = PBXBuildFile; fileRef = 5B2D3AF3261C4DCD001E9E45 /* AstronomyRouter.swift */; };
		5B2D3AFD261C4EB8001E9E45 /* AstronomyProtocols.swift in Sources */ = {isa = PBXBuildFile; fileRef = 5B2D3AFC261C4EB8001E9E45 /* AstronomyProtocols.swift */; };
		5B2D3B02261C5096001E9E45 /* AstronomyModel.swift in Sources */ = {isa = PBXBuildFile; fileRef = 5B2D3B01261C5096001E9E45 /* AstronomyModel.swift */; };
		5B2D3B2F261C6253001E9E45 /* AstronomyInteractor.swift in Sources */ = {isa = PBXBuildFile; fileRef = 5B2D3B2E261C6253001E9E45 /* AstronomyInteractor.swift */; };
		5B2D3B38261C62FD001E9E45 /* AstronomyPresenter.swift in Sources */ = {isa = PBXBuildFile; fileRef = 5B2D3B37261C62FD001E9E45 /* AstronomyPresenter.swift */; };
/* End PBXBuildFile section */

/* Begin PBXContainerItemProxy section */
		5B2D3AA6261B5780001E9E45 /* PBXContainerItemProxy */ = {
			isa = PBXContainerItemProxy;
			containerPortal = 5B2D3A84261B577F001E9E45 /* Project object */;
			proxyType = 1;
			remoteGlobalIDString = 5B2D3A8B261B577F001E9E45;
			remoteInfo = WalE;
		};
		5B2D3AB1261B5780001E9E45 /* PBXContainerItemProxy */ = {
			isa = PBXContainerItemProxy;
			containerPortal = 5B2D3A84261B577F001E9E45 /* Project object */;
			proxyType = 1;
			remoteGlobalIDString = 5B2D3A8B261B577F001E9E45;
			remoteInfo = WalE;
		};
/* End PBXContainerItemProxy section */

/* Begin PBXFileReference section */
		5B2D3A8C261B577F001E9E45 /* WalE.app */ = {isa = PBXFileReference; explicitFileType = wrapper.application; includeInIndex = 0; path = WalE.app; sourceTree = BUILT_PRODUCTS_DIR; };
		5B2D3A8F261B577F001E9E45 /* AppDelegate.swift */ = {isa = PBXFileReference; lastKnownFileType = sourcecode.swift; path = AppDelegate.swift; sourceTree = "<group>"; };
		5B2D3A91261B577F001E9E45 /* SceneDelegate.swift */ = {isa = PBXFileReference; lastKnownFileType = sourcecode.swift; path = SceneDelegate.swift; sourceTree = "<group>"; };
		5B2D3A93261B577F001E9E45 /* ViewController.swift */ = {isa = PBXFileReference; lastKnownFileType = sourcecode.swift; path = ViewController.swift; sourceTree = "<group>"; };
		5B2D3A96261B577F001E9E45 /* Base */ = {isa = PBXFileReference; lastKnownFileType = file.storyboard; name = Base; path = Base.lproj/Main.storyboard; sourceTree = "<group>"; };
		5B2D3A99261B577F001E9E45 /* WalE.xcdatamodel */ = {isa = PBXFileReference; lastKnownFileType = wrapper.xcdatamodel; path = WalE.xcdatamodel; sourceTree = "<group>"; };
		5B2D3A9B261B5780001E9E45 /* Assets.xcassets */ = {isa = PBXFileReference; lastKnownFileType = folder.assetcatalog; path = Assets.xcassets; sourceTree = "<group>"; };
		5B2D3A9E261B5780001E9E45 /* Base */ = {isa = PBXFileReference; lastKnownFileType = file.storyboard; name = Base; path = Base.lproj/LaunchScreen.storyboard; sourceTree = "<group>"; };
		5B2D3AA0261B5780001E9E45 /* Info.plist */ = {isa = PBXFileReference; lastKnownFileType = text.plist.xml; path = Info.plist; sourceTree = "<group>"; };
		5B2D3AA5261B5780001E9E45 /* WalETests.xctest */ = {isa = PBXFileReference; explicitFileType = wrapper.cfbundle; includeInIndex = 0; path = WalETests.xctest; sourceTree = BUILT_PRODUCTS_DIR; };
		5B2D3AA9261B5780001E9E45 /* WalETests.swift */ = {isa = PBXFileReference; lastKnownFileType = sourcecode.swift; path = WalETests.swift; sourceTree = "<group>"; };
		5B2D3AAB261B5780001E9E45 /* Info.plist */ = {isa = PBXFileReference; lastKnownFileType = text.plist.xml; path = Info.plist; sourceTree = "<group>"; };
		5B2D3AB0261B5780001E9E45 /* WalEUITests.xctest */ = {isa = PBXFileReference; explicitFileType = wrapper.cfbundle; includeInIndex = 0; path = WalEUITests.xctest; sourceTree = BUILT_PRODUCTS_DIR; };
		5B2D3AB4261B5780001E9E45 /* WalEUITests.swift */ = {isa = PBXFileReference; lastKnownFileType = sourcecode.swift; path = WalEUITests.swift; sourceTree = "<group>"; };
		5B2D3AB6261B5780001E9E45 /* Info.plist */ = {isa = PBXFileReference; lastKnownFileType = text.plist.xml; path = Info.plist; sourceTree = "<group>"; };
		5B2D3AD4261C48B6001E9E45 /* AstronomyTableViewController.swift */ = {isa = PBXFileReference; lastKnownFileType = sourcecode.swift; path = AstronomyTableViewController.swift; sourceTree = "<group>"; };
		5B2D3ADB261C494F001E9E45 /* TitleImageTableViewCell.swift */ = {isa = PBXFileReference; lastKnownFileType = sourcecode.swift; path = TitleImageTableViewCell.swift; sourceTree = "<group>"; };
		5B2D3ADC261C494F001E9E45 /* TitleImageTableViewCell.xib */ = {isa = PBXFileReference; lastKnownFileType = file.xib; path = TitleImageTableViewCell.xib; sourceTree = "<group>"; };
		5B2D3AE2261C498C001E9E45 /* DetailedTextTableViewCell.swift */ = {isa = PBXFileReference; lastKnownFileType = sourcecode.swift; path = DetailedTextTableViewCell.swift; sourceTree = "<group>"; };
		5B2D3AE3261C498C001E9E45 /* DetailedTextTableViewCell.xib */ = {isa = PBXFileReference; lastKnownFileType = file.xib; path = DetailedTextTableViewCell.xib; sourceTree = "<group>"; };
		5B2D3AF3261C4DCD001E9E45 /* AstronomyRouter.swift */ = {isa = PBXFileReference; fileEncoding = 4; lastKnownFileType = sourcecode.swift; path = AstronomyRouter.swift; sourceTree = "<group>"; };
		5B2D3AFC261C4EB8001E9E45 /* AstronomyProtocols.swift */ = {isa = PBXFileReference; lastKnownFileType = sourcecode.swift; path = AstronomyProtocols.swift; sourceTree = "<group>"; };
		5B2D3B01261C5096001E9E45 /* AstronomyModel.swift */ = {isa = PBXFileReference; lastKnownFileType = sourcecode.swift; path = AstronomyModel.swift; sourceTree = "<group>"; };
		5B2D3B2E261C6253001E9E45 /* AstronomyInteractor.swift */ = {isa = PBXFileReference; lastKnownFileType = sourcecode.swift; path = AstronomyInteractor.swift; sourceTree = "<group>"; };
		5B2D3B37261C62FD001E9E45 /* AstronomyPresenter.swift */ = {isa = PBXFileReference; lastKnownFileType = sourcecode.swift; path = AstronomyPresenter.swift; sourceTree = "<group>"; };
/* End PBXFileReference section */

/* Begin PBXFrameworksBuildPhase section */
		5B2D3A89261B577F001E9E45 /* Frameworks */ = {
			isa = PBXFrameworksBuildPhase;
			buildActionMask = 2147483647;
			files = (
			);
			runOnlyForDeploymentPostprocessing = 0;
		};
		5B2D3AA2261B5780001E9E45 /* Frameworks */ = {
			isa = PBXFrameworksBuildPhase;
			buildActionMask = 2147483647;
			files = (
			);
			runOnlyForDeploymentPostprocessing = 0;
		};
		5B2D3AAD261B5780001E9E45 /* Frameworks */ = {
			isa = PBXFrameworksBuildPhase;
			buildActionMask = 2147483647;
			files = (
			);
			runOnlyForDeploymentPostprocessing = 0;
		};
/* End PBXFrameworksBuildPhase section */

/* Begin PBXGroup section */
		5B2D3A83261B577F001E9E45 = {
			isa = PBXGroup;
			children = (
				5B2D3A8E261B577F001E9E45 /* WalE */,
				5B2D3AA8261B5780001E9E45 /* WalETests */,
				5B2D3AB3261B5780001E9E45 /* WalEUITests */,
				5B2D3A8D261B577F001E9E45 /* Products */,
			);
			sourceTree = "<group>";
		};
		5B2D3A8D261B577F001E9E45 /* Products */ = {
			isa = PBXGroup;
			children = (
				5B2D3A8C261B577F001E9E45 /* WalE.app */,
				5B2D3AA5261B5780001E9E45 /* WalETests.xctest */,
				5B2D3AB0261B5780001E9E45 /* WalEUITests.xctest */,
			);
			name = Products;
			sourceTree = "<group>";
		};
		5B2D3A8E261B577F001E9E45 /* WalE */ = {
			isa = PBXGroup;
			children = (
				5B2D3A8F261B577F001E9E45 /* AppDelegate.swift */,
				5B2D3A93261B577F001E9E45 /* ViewController.swift */,
				5B2D3A91261B577F001E9E45 /* SceneDelegate.swift */,
				5B2D3B3C261C6307001E9E45 /* Presenter */,
				5B2D3B33261C6259001E9E45 /* Interactor */,
				5B2D3B0A261C51E2001E9E45 /* Protocols */,
				5B2D3B06261C509C001E9E45 /* Entity */,
				5B2D3AF8261C4DD3001E9E45 /* Router */,
				5B2D3AE9261C4CC5001E9E45 /* View */,
				5B2D3AED261C4CE0001E9E45 /* AppUI */,
				5B2D3A9B261B5780001E9E45 /* Assets.xcassets */,
				5B2D3A9D261B5780001E9E45 /* LaunchScreen.storyboard */,
				5B2D3AA0261B5780001E9E45 /* Info.plist */,
				5B2D3A98261B577F001E9E45 /* WalE.xcdatamodeld */,
			);
			path = WalE;
			sourceTree = "<group>";
		};
		5B2D3AA8261B5780001E9E45 /* WalETests */ = {
			isa = PBXGroup;
			children = (
				5B2D3AA9261B5780001E9E45 /* WalETests.swift */,
				5B2D3AAB261B5780001E9E45 /* Info.plist */,
			);
			path = WalETests;
			sourceTree = "<group>";
		};
		5B2D3AB3261B5780001E9E45 /* WalEUITests */ = {
			isa = PBXGroup;
			children = (
				5B2D3AB4261B5780001E9E45 /* WalEUITests.swift */,
				5B2D3AB6261B5780001E9E45 /* Info.plist */,
			);
			path = WalEUITests;
			sourceTree = "<group>";
		};
		5B2D3AE9261C4CC5001E9E45 /* View */ = {
			isa = PBXGroup;
			children = (
				5B2D3ADB261C494F001E9E45 /* TitleImageTableViewCell.swift */,
				5B2D3AE2261C498C001E9E45 /* DetailedTextTableViewCell.swift */,
				5B2D3AD4261C48B6001E9E45 /* AstronomyTableViewController.swift */,
			);
			path = View;
			sourceTree = "<group>";
		};
		5B2D3AED261C4CE0001E9E45 /* AppUI */ = {
			isa = PBXGroup;
			children = (
				5B2D3AE3261C498C001E9E45 /* DetailedTextTableViewCell.xib */,
				5B2D3ADC261C494F001E9E45 /* TitleImageTableViewCell.xib */,
				5B2D3A95261B577F001E9E45 /* Main.storyboard */,
			);
			path = AppUI;
			sourceTree = "<group>";
		};
		5B2D3AF8261C4DD3001E9E45 /* Router */ = {
			isa = PBXGroup;
			children = (
				5B2D3AF3261C4DCD001E9E45 /* AstronomyRouter.swift */,
			);
			path = Router;
			sourceTree = "<group>";
		};
		5B2D3B06261C509C001E9E45 /* Entity */ = {
			isa = PBXGroup;
			children = (
				5B2D3B01261C5096001E9E45 /* AstronomyModel.swift */,
			);
			path = Entity;
			sourceTree = "<group>";
		};
		5B2D3B0A261C51E2001E9E45 /* Protocols */ = {
			isa = PBXGroup;
			children = (
				5B2D3AFC261C4EB8001E9E45 /* AstronomyProtocols.swift */,
			);
			path = Protocols;
			sourceTree = "<group>";
		};
		5B2D3B33261C6259001E9E45 /* Interactor */ = {
			isa = PBXGroup;
			children = (
				5B2D3B2E261C6253001E9E45 /* AstronomyInteractor.swift */,
			);
			path = Interactor;
			sourceTree = "<group>";
		};
		5B2D3B3C261C6307001E9E45 /* Presenter */ = {
			isa = PBXGroup;
			children = (
				5B2D3B37261C62FD001E9E45 /* AstronomyPresenter.swift */,
			);
			path = Presenter;
			sourceTree = "<group>";
		};
/* End PBXGroup section */

/* Begin PBXNativeTarget section */
		5B2D3A8B261B577F001E9E45 /* WalE */ = {
			isa = PBXNativeTarget;
			buildConfigurationList = 5B2D3AB9261B5780001E9E45 /* Build configuration list for PBXNativeTarget "WalE" */;
			buildPhases = (
				5B2D3A88261B577F001E9E45 /* Sources */,
				5B2D3A89261B577F001E9E45 /* Frameworks */,
				5B2D3A8A261B577F001E9E45 /* Resources */,
			);
			buildRules = (
			);
			dependencies = (
			);
			name = WalE;
			productName = WalE;
			productReference = 5B2D3A8C261B577F001E9E45 /* WalE.app */;
			productType = "com.apple.product-type.application";
		};
		5B2D3AA4261B5780001E9E45 /* WalETests */ = {
			isa = PBXNativeTarget;
			buildConfigurationList = 5B2D3ABC261B5780001E9E45 /* Build configuration list for PBXNativeTarget "WalETests" */;
			buildPhases = (
				5B2D3AA1261B5780001E9E45 /* Sources */,
				5B2D3AA2261B5780001E9E45 /* Frameworks */,
				5B2D3AA3261B5780001E9E45 /* Resources */,
			);
			buildRules = (
			);
			dependencies = (
				5B2D3AA7261B5780001E9E45 /* PBXTargetDependency */,
			);
			name = WalETests;
			productName = WalETests;
			productReference = 5B2D3AA5261B5780001E9E45 /* WalETests.xctest */;
			productType = "com.apple.product-type.bundle.unit-test";
		};
		5B2D3AAF261B5780001E9E45 /* WalEUITests */ = {
			isa = PBXNativeTarget;
			buildConfigurationList = 5B2D3ABF261B5780001E9E45 /* Build configuration list for PBXNativeTarget "WalEUITests" */;
			buildPhases = (
				5B2D3AAC261B5780001E9E45 /* Sources */,
				5B2D3AAD261B5780001E9E45 /* Frameworks */,
				5B2D3AAE261B5780001E9E45 /* Resources */,
			);
			buildRules = (
			);
			dependencies = (
				5B2D3AB2261B5780001E9E45 /* PBXTargetDependency */,
			);
			name = WalEUITests;
			productName = WalEUITests;
			productReference = 5B2D3AB0261B5780001E9E45 /* WalEUITests.xctest */;
			productType = "com.apple.product-type.bundle.ui-testing";
		};
/* End PBXNativeTarget section */

/* Begin PBXProject section */
		5B2D3A84261B577F001E9E45 /* Project object */ = {
			isa = PBXProject;
			attributes = {
				LastSwiftUpdateCheck = 1240;
				LastUpgradeCheck = 1240;
				TargetAttributes = {
					5B2D3A8B261B577F001E9E45 = {
						CreatedOnToolsVersion = 12.4;
					};
					5B2D3AA4261B5780001E9E45 = {
						CreatedOnToolsVersion = 12.4;
						TestTargetID = 5B2D3A8B261B577F001E9E45;
					};
					5B2D3AAF261B5780001E9E45 = {
						CreatedOnToolsVersion = 12.4;
						TestTargetID = 5B2D3A8B261B577F001E9E45;
					};
				};
			};
			buildConfigurationList = 5B2D3A87261B577F001E9E45 /* Build configuration list for PBXProject "WalE" */;
			compatibilityVersion = "Xcode 9.3";
			developmentRegion = en;
			hasScannedForEncodings = 0;
			knownRegions = (
				en,
				Base,
			);
			mainGroup = 5B2D3A83261B577F001E9E45;
			productRefGroup = 5B2D3A8D261B577F001E9E45 /* Products */;
			projectDirPath = "";
			projectRoot = "";
			targets = (
				5B2D3A8B261B577F001E9E45 /* WalE */,
				5B2D3AA4261B5780001E9E45 /* WalETests */,
				5B2D3AAF261B5780001E9E45 /* WalEUITests */,
			);
		};
/* End PBXProject section */

/* Begin PBXResourcesBuildPhase section */
		5B2D3A8A261B577F001E9E45 /* Resources */ = {
			isa = PBXResourcesBuildPhase;
			buildActionMask = 2147483647;
			files = (
				5B2D3AE5261C498C001E9E45 /* DetailedTextTableViewCell.xib in Resources */,
				5B2D3A9F261B5780001E9E45 /* LaunchScreen.storyboard in Resources */,
				5B2D3A9C261B5780001E9E45 /* Assets.xcassets in Resources */,
				5B2D3A97261B577F001E9E45 /* Main.storyboard in Resources */,
				5B2D3ADE261C494F001E9E45 /* TitleImageTableViewCell.xib in Resources */,
			);
			runOnlyForDeploymentPostprocessing = 0;
		};
		5B2D3AA3261B5780001E9E45 /* Resources */ = {
			isa = PBXResourcesBuildPhase;
			buildActionMask = 2147483647;
			files = (
			);
			runOnlyForDeploymentPostprocessing = 0;
		};
		5B2D3AAE261B5780001E9E45 /* Resources */ = {
			isa = PBXResourcesBuildPhase;
			buildActionMask = 2147483647;
			files = (
			);
			runOnlyForDeploymentPostprocessing = 0;
		};
/* End PBXResourcesBuildPhase section */

/* Begin PBXSourcesBuildPhase section */
		5B2D3A88261B577F001E9E45 /* Sources */ = {
			isa = PBXSourcesBuildPhase;
			buildActionMask = 2147483647;
			files = (
				5B2D3A94261B577F001E9E45 /* ViewController.swift in Sources */,
				5B2D3AE4261C498C001E9E45 /* DetailedTextTableViewCell.swift in Sources */,
				5B2D3A90261B577F001E9E45 /* AppDelegate.swift in Sources */,
				5B2D3AD6261C48B6001E9E45 /* AstronomyTableViewController.swift in Sources */,
				5B2D3A9A261B577F001E9E45 /* WalE.xcdatamodeld in Sources */,
				5B2D3AF4261C4DCD001E9E45 /* AstronomyRouter.swift in Sources */,
				5B2D3B2F261C6253001E9E45 /* AstronomyInteractor.swift in Sources */,
				5B2D3ADD261C494F001E9E45 /* TitleImageTableViewCell.swift in Sources */,
				5B2D3A92261B577F001E9E45 /* SceneDelegate.swift in Sources */,
				5B2D3B02261C5096001E9E45 /* AstronomyModel.swift in Sources */,
				5B2D3AFD261C4EB8001E9E45 /* AstronomyProtocols.swift in Sources */,
				5B2D3B38261C62FD001E9E45 /* AstronomyPresenter.swift in Sources */,
			);
			runOnlyForDeploymentPostprocessing = 0;
		};
		5B2D3AA1261B5780001E9E45 /* Sources */ = {
			isa = PBXSourcesBuildPhase;
			buildActionMask = 2147483647;
			files = (
				5B2D3AAA261B5780001E9E45 /* WalETests.swift in Sources */,
			);
			runOnlyForDeploymentPostprocessing = 0;
		};
		5B2D3AAC261B5780001E9E45 /* Sources */ = {
			isa = PBXSourcesBuildPhase;
			buildActionMask = 2147483647;
			files = (
				5B2D3AB5261B5780001E9E45 /* WalEUITests.swift in Sources */,
			);
			runOnlyForDeploymentPostprocessing = 0;
		};
/* End PBXSourcesBuildPhase section */

/* Begin PBXTargetDependency section */
		5B2D3AA7261B5780001E9E45 /* PBXTargetDependency */ = {
			isa = PBXTargetDependency;
			target = 5B2D3A8B261B577F001E9E45 /* WalE */;
			targetProxy = 5B2D3AA6261B5780001E9E45 /* PBXContainerItemProxy */;
		};
		5B2D3AB2261B5780001E9E45 /* PBXTargetDependency */ = {
			isa = PBXTargetDependency;
			target = 5B2D3A8B261B577F001E9E45 /* WalE */;
			targetProxy = 5B2D3AB1261B5780001E9E45 /* PBXContainerItemProxy */;
		};
/* End PBXTargetDependency section */

/* Begin PBXVariantGroup section */
		5B2D3A95261B577F001E9E45 /* Main.storyboard */ = {
			isa = PBXVariantGroup;
			children = (
				5B2D3A96261B577F001E9E45 /* Base */,
			);
			name = Main.storyboard;
			sourceTree = "<group>";
		};
		5B2D3A9D261B5780001E9E45 /* LaunchScreen.storyboard */ = {
			isa = PBXVariantGroup;
			children = (
				5B2D3A9E261B5780001E9E45 /* Base */,
			);
			name = LaunchScreen.storyboard;
			sourceTree = "<group>";
		};
/* End PBXVariantGroup section */

/* Begin XCBuildConfiguration section */
		5B2D3AB7261B5780001E9E45 /* Debug */ = {
			isa = XCBuildConfiguration;
			buildSettings = {
				ALWAYS_SEARCH_USER_PATHS = NO;
				CLANG_ANALYZER_NONNULL = YES;
				CLANG_ANALYZER_NUMBER_OBJECT_CONVERSION = YES_AGGRESSIVE;
				CLANG_CXX_LANGUAGE_STANDARD = "gnu++14";
				CLANG_CXX_LIBRARY = "libc++";
				CLANG_ENABLE_MODULES = YES;
				CLANG_ENABLE_OBJC_ARC = YES;
				CLANG_ENABLE_OBJC_WEAK = YES;
				CLANG_WARN_BLOCK_CAPTURE_AUTORELEASING = YES;
				CLANG_WARN_BOOL_CONVERSION = YES;
				CLANG_WARN_COMMA = YES;
				CLANG_WARN_CONSTANT_CONVERSION = YES;
				CLANG_WARN_DEPRECATED_OBJC_IMPLEMENTATIONS = YES;
				CLANG_WARN_DIRECT_OBJC_ISA_USAGE = YES_ERROR;
				CLANG_WARN_DOCUMENTATION_COMMENTS = YES;
				CLANG_WARN_EMPTY_BODY = YES;
				CLANG_WARN_ENUM_CONVERSION = YES;
				CLANG_WARN_INFINITE_RECURSION = YES;
				CLANG_WARN_INT_CONVERSION = YES;
				CLANG_WARN_NON_LITERAL_NULL_CONVERSION = YES;
				CLANG_WARN_OBJC_IMPLICIT_RETAIN_SELF = YES;
				CLANG_WARN_OBJC_LITERAL_CONVERSION = YES;
				CLANG_WARN_OBJC_ROOT_CLASS = YES_ERROR;
				CLANG_WARN_QUOTED_INCLUDE_IN_FRAMEWORK_HEADER = YES;
				CLANG_WARN_RANGE_LOOP_ANALYSIS = YES;
				CLANG_WARN_STRICT_PROTOTYPES = YES;
				CLANG_WARN_SUSPICIOUS_MOVE = YES;
				CLANG_WARN_UNGUARDED_AVAILABILITY = YES_AGGRESSIVE;
				CLANG_WARN_UNREACHABLE_CODE = YES;
				CLANG_WARN__DUPLICATE_METHOD_MATCH = YES;
				COPY_PHASE_STRIP = NO;
				DEBUG_INFORMATION_FORMAT = dwarf;
				ENABLE_STRICT_OBJC_MSGSEND = YES;
				ENABLE_TESTABILITY = YES;
				GCC_C_LANGUAGE_STANDARD = gnu11;
				GCC_DYNAMIC_NO_PIC = NO;
				GCC_NO_COMMON_BLOCKS = YES;
				GCC_OPTIMIZATION_LEVEL = 0;
				GCC_PREPROCESSOR_DEFINITIONS = (
					"DEBUG=1",
					"$(inherited)",
				);
				GCC_WARN_64_TO_32_BIT_CONVERSION = YES;
				GCC_WARN_ABOUT_RETURN_TYPE = YES_ERROR;
				GCC_WARN_UNDECLARED_SELECTOR = YES;
				GCC_WARN_UNINITIALIZED_AUTOS = YES_AGGRESSIVE;
				GCC_WARN_UNUSED_FUNCTION = YES;
				GCC_WARN_UNUSED_VARIABLE = YES;
				IPHONEOS_DEPLOYMENT_TARGET = 14.4;
				MTL_ENABLE_DEBUG_INFO = INCLUDE_SOURCE;
				MTL_FAST_MATH = YES;
				ONLY_ACTIVE_ARCH = YES;
				SDKROOT = iphoneos;
				SWIFT_ACTIVE_COMPILATION_CONDITIONS = DEBUG;
				SWIFT_OPTIMIZATION_LEVEL = "-Onone";
			};
			name = Debug;
		};
		5B2D3AB8261B5780001E9E45 /* Release */ = {
			isa = XCBuildConfiguration;
			buildSettings = {
				ALWAYS_SEARCH_USER_PATHS = NO;
				CLANG_ANALYZER_NONNULL = YES;
				CLANG_ANALYZER_NUMBER_OBJECT_CONVERSION = YES_AGGRESSIVE;
				CLANG_CXX_LANGUAGE_STANDARD = "gnu++14";
				CLANG_CXX_LIBRARY = "libc++";
				CLANG_ENABLE_MODULES = YES;
				CLANG_ENABLE_OBJC_ARC = YES;
				CLANG_ENABLE_OBJC_WEAK = YES;
				CLANG_WARN_BLOCK_CAPTURE_AUTORELEASING = YES;
				CLANG_WARN_BOOL_CONVERSION = YES;
				CLANG_WARN_COMMA = YES;
				CLANG_WARN_CONSTANT_CONVERSION = YES;
				CLANG_WARN_DEPRECATED_OBJC_IMPLEMENTATIONS = YES;
				CLANG_WARN_DIRECT_OBJC_ISA_USAGE = YES_ERROR;
				CLANG_WARN_DOCUMENTATION_COMMENTS = YES;
				CLANG_WARN_EMPTY_BODY = YES;
				CLANG_WARN_ENUM_CONVERSION = YES;
				CLANG_WARN_INFINITE_RECURSION = YES;
				CLANG_WARN_INT_CONVERSION = YES;
				CLANG_WARN_NON_LITERAL_NULL_CONVERSION = YES;
				CLANG_WARN_OBJC_IMPLICIT_RETAIN_SELF = YES;
				CLANG_WARN_OBJC_LITERAL_CONVERSION = YES;
				CLANG_WARN_OBJC_ROOT_CLASS = YES_ERROR;
				CLANG_WARN_QUOTED_INCLUDE_IN_FRAMEWORK_HEADER = YES;
				CLANG_WARN_RANGE_LOOP_ANALYSIS = YES;
				CLANG_WARN_STRICT_PROTOTYPES = YES;
				CLANG_WARN_SUSPICIOUS_MOVE = YES;
				CLANG_WARN_UNGUARDED_AVAILABILITY = YES_AGGRESSIVE;
				CLANG_WARN_UNREACHABLE_CODE = YES;
				CLANG_WARN__DUPLICATE_METHOD_MATCH = YES;
				COPY_PHASE_STRIP = NO;
				DEBUG_INFORMATION_FORMAT = "dwarf-with-dsym";
				ENABLE_NS_ASSERTIONS = NO;
				ENABLE_STRICT_OBJC_MSGSEND = YES;
				GCC_C_LANGUAGE_STANDARD = gnu11;
				GCC_NO_COMMON_BLOCKS = YES;
				GCC_WARN_64_TO_32_BIT_CONVERSION = YES;
				GCC_WARN_ABOUT_RETURN_TYPE = YES_ERROR;
				GCC_WARN_UNDECLARED_SELECTOR = YES;
				GCC_WARN_UNINITIALIZED_AUTOS = YES_AGGRESSIVE;
				GCC_WARN_UNUSED_FUNCTION = YES;
				GCC_WARN_UNUSED_VARIABLE = YES;
				IPHONEOS_DEPLOYMENT_TARGET = 14.4;
				MTL_ENABLE_DEBUG_INFO = NO;
				MTL_FAST_MATH = YES;
				SDKROOT = iphoneos;
				SWIFT_COMPILATION_MODE = wholemodule;
				SWIFT_OPTIMIZATION_LEVEL = "-O";
				VALIDATE_PRODUCT = YES;
			};
			name = Release;
		};
		5B2D3ABA261B5780001E9E45 /* Debug */ = {
			isa = XCBuildConfiguration;
			buildSettings = {
				ASSETCATALOG_COMPILER_APPICON_NAME = AppIcon;
				ASSETCATALOG_COMPILER_GLOBAL_ACCENT_COLOR_NAME = AccentColor;
				CODE_SIGN_STYLE = Automatic;
				DEVELOPMENT_TEAM = TYC3G2DP96;
				INFOPLIST_FILE = WalE/Info.plist;
				LD_RUNPATH_SEARCH_PATHS = (
					"$(inherited)",
					"@executable_path/Frameworks",
				);
				PRODUCT_BUNDLE_IDENTIFIER = com.amrit.WalE;
				PRODUCT_NAME = "$(TARGET_NAME)";
				SWIFT_VERSION = 5.0;
				TARGETED_DEVICE_FAMILY = "1,2";
			};
			name = Debug;
		};
		5B2D3ABB261B5780001E9E45 /* Release */ = {
			isa = XCBuildConfiguration;
			buildSettings = {
				ASSETCATALOG_COMPILER_APPICON_NAME = AppIcon;
				ASSETCATALOG_COMPILER_GLOBAL_ACCENT_COLOR_NAME = AccentColor;
				CODE_SIGN_STYLE = Automatic;
				DEVELOPMENT_TEAM = TYC3G2DP96;
				INFOPLIST_FILE = WalE/Info.plist;
				LD_RUNPATH_SEARCH_PATHS = (
					"$(inherited)",
					"@executable_path/Frameworks",
				);
				PRODUCT_BUNDLE_IDENTIFIER = com.amrit.WalE;
				PRODUCT_NAME = "$(TARGET_NAME)";
				SWIFT_VERSION = 5.0;
				TARGETED_DEVICE_FAMILY = "1,2";
			};
			name = Release;
		};
		5B2D3ABD261B5780001E9E45 /* Debug */ = {
			isa = XCBuildConfiguration;
			buildSettings = {
				ALWAYS_EMBED_SWIFT_STANDARD_LIBRARIES = YES;
				BUNDLE_LOADER = "$(TEST_HOST)";
				CODE_SIGN_STYLE = Automatic;
				DEVELOPMENT_TEAM = TYC3G2DP96;
				INFOPLIST_FILE = WalETests/Info.plist;
				IPHONEOS_DEPLOYMENT_TARGET = 14.4;
				LD_RUNPATH_SEARCH_PATHS = (
					"$(inherited)",
					"@executable_path/Frameworks",
					"@loader_path/Frameworks",
				);
				PRODUCT_BUNDLE_IDENTIFIER = com.amrit.WalETests;
				PRODUCT_NAME = "$(TARGET_NAME)";
				SWIFT_VERSION = 5.0;
				TARGETED_DEVICE_FAMILY = "1,2";
				TEST_HOST = "$(BUILT_PRODUCTS_DIR)/WalE.app/WalE";
			};
			name = Debug;
		};
		5B2D3ABE261B5780001E9E45 /* Release */ = {
			isa = XCBuildConfiguration;
			buildSettings = {
				ALWAYS_EMBED_SWIFT_STANDARD_LIBRARIES = YES;
				BUNDLE_LOADER = "$(TEST_HOST)";
				CODE_SIGN_STYLE = Automatic;
				DEVELOPMENT_TEAM = TYC3G2DP96;
				INFOPLIST_FILE = WalETests/Info.plist;
				IPHONEOS_DEPLOYMENT_TARGET = 14.4;
				LD_RUNPATH_SEARCH_PATHS = (
					"$(inherited)",
					"@executable_path/Frameworks",
					"@loader_path/Frameworks",
				);
				PRODUCT_BUNDLE_IDENTIFIER = com.amrit.WalETests;
				PRODUCT_NAME = "$(TARGET_NAME)";
				SWIFT_VERSION = 5.0;
				TARGETED_DEVICE_FAMILY = "1,2";
				TEST_HOST = "$(BUILT_PRODUCTS_DIR)/WalE.app/WalE";
			};
			name = Release;
		};
		5B2D3AC0261B5780001E9E45 /* Debug */ = {
			isa = XCBuildConfiguration;
			buildSettings = {
				ALWAYS_EMBED_SWIFT_STANDARD_LIBRARIES = YES;
				CODE_SIGN_STYLE = Automatic;
				DEVELOPMENT_TEAM = TYC3G2DP96;
				INFOPLIST_FILE = WalEUITests/Info.plist;
				LD_RUNPATH_SEARCH_PATHS = (
					"$(inherited)",
					"@executable_path/Frameworks",
					"@loader_path/Frameworks",
				);
				PRODUCT_BUNDLE_IDENTIFIER = com.amrit.WalEUITests;
				PRODUCT_NAME = "$(TARGET_NAME)";
				SWIFT_VERSION = 5.0;
				TARGETED_DEVICE_FAMILY = "1,2";
				TEST_TARGET_NAME = WalE;
			};
			name = Debug;
		};
		5B2D3AC1261B5780001E9E45 /* Release */ = {
			isa = XCBuildConfiguration;
			buildSettings = {
				ALWAYS_EMBED_SWIFT_STANDARD_LIBRARIES = YES;
				CODE_SIGN_STYLE = Automatic;
				DEVELOPMENT_TEAM = TYC3G2DP96;
				INFOPLIST_FILE = WalEUITests/Info.plist;
				LD_RUNPATH_SEARCH_PATHS = (
					"$(inherited)",
					"@executable_path/Frameworks",
					"@loader_path/Frameworks",
				);
				PRODUCT_BUNDLE_IDENTIFIER = com.amrit.WalEUITests;
				PRODUCT_NAME = "$(TARGET_NAME)";
				SWIFT_VERSION = 5.0;
				TARGETED_DEVICE_FAMILY = "1,2";
				TEST_TARGET_NAME = WalE;
			};
			name = Release;
		};
/* End XCBuildConfiguration section */

/* Begin XCConfigurationList section */
		5B2D3A87261B577F001E9E45 /* Build configuration list for PBXProject "WalE" */ = {
			isa = XCConfigurationList;
			buildConfigurations = (
				5B2D3AB7261B5780001E9E45 /* Debug */,
				5B2D3AB8261B5780001E9E45 /* Release */,
			);
			defaultConfigurationIsVisible = 0;
			defaultConfigurationName = Release;
		};
		5B2D3AB9261B5780001E9E45 /* Build configuration list for PBXNativeTarget "WalE" */ = {
			isa = XCConfigurationList;
			buildConfigurations = (
				5B2D3ABA261B5780001E9E45 /* Debug */,
				5B2D3ABB261B5780001E9E45 /* Release */,
			);
			defaultConfigurationIsVisible = 0;
			defaultConfigurationName = Release;
		};
		5B2D3ABC261B5780001E9E45 /* Build configuration list for PBXNativeTarget "WalETests" */ = {
			isa = XCConfigurationList;
			buildConfigurations = (
				5B2D3ABD261B5780001E9E45 /* Debug */,
				5B2D3ABE261B5780001E9E45 /* Release */,
			);
			defaultConfigurationIsVisible = 0;
			defaultConfigurationName = Release;
		};
		5B2D3ABF261B5780001E9E45 /* Build configuration list for PBXNativeTarget "WalEUITests" */ = {
			isa = XCConfigurationList;
			buildConfigurations = (
				5B2D3AC0261B5780001E9E45 /* Debug */,
				5B2D3AC1261B5780001E9E45 /* Release */,
			);
			defaultConfigurationIsVisible = 0;
			defaultConfigurationName = Release;
		};
/* End XCConfigurationList section */

/* Begin XCVersionGroup section */
		5B2D3A98261B577F001E9E45 /* WalE.xcdatamodeld */ = {
			isa = XCVersionGroup;
			children = (
				5B2D3A99261B577F001E9E45 /* WalE.xcdatamodel */,
			);
			currentVersion = 5B2D3A99261B577F001E9E45 /* WalE.xcdatamodel */;
			path = WalE.xcdatamodeld;
			sourceTree = "<group>";
			versionGroupType = wrapper.xcdatamodel;
		};
/* End XCVersionGroup section */
	};
	rootObject = 5B2D3A84261B577F001E9E45 /* Project object */;
}
